
Microsoft Visual Studio Solution File, Format Version 12.00
# Visual Studio 2013
VisualStudioVersion = 12.0.31101.0
MinimumVisualStudioVersion = 10.0.40219.1
Project("{FAE04EC0-301F-11D3-BF4B-00C04F79EFBC}") = "01. Molly", "Telerik Exam 6 Dec 2013 Evening\01. Molly.csproj", "{6F5BA4E7-83F9-488E-A3B6-A0E4D320105E}"
EndProject
Project("{FAE04EC0-301F-11D3-BF4B-00C04F79EFBC}") = "02. Nightmare on Code Street", "02. Nightmare on Code Street\02. Nightmare on Code Street.csproj", "{366F0E97-19E2-4AA5-9E5B-6104CC069947}"
EndProject
Project("{FAE04EC0-301F-11D3-BF4B-00C04F79EFBC}") = "03. Enigmation", "Enigmation\03. Enigmation.csproj", "{982CC236-A9CE-44B5-9789-A2B64C5A8BA3}"
EndProject
Global
	GlobalSection(SolutionConfigurationPlatforms) = preSolution
		Debug|Any CPU = Debug|Any CPU
		Release|Any CPU = Release|Any CPU
	EndGlobalSection
	GlobalSection(ProjectConfigurationPlatforms) = postSolution
		{6F5BA4E7-83F9-488E-A3B6-A0E4D320105E}.Debug|Any CPU.ActiveCfg = Debug|Any CPU
		{6F5BA4E7-83F9-488E-A3B6-A0E4D320105E}.Debug|Any CPU.Build.0 = Debug|Any CPU
		{6F5BA4E7-83F9-488E-A3B6-A0E4D320105E}.Release|Any CPU.ActiveCfg = Release|Any CPU
		{6F5BA4E7-83F9-488E-A3B6-A0E4D320105E}.Release|Any CPU.Build.0 = Release|Any CPU
		{366F0E97-19E2-4AA5-9E5B-6104CC069947}.Debug|Any CPU.ActiveCfg = Debug|Any CPU
		{366F0E97-19E2-4AA5-9E5B-6104CC069947}.Debug|Any CPU.Build.0 = Debug|Any CPU
		{366F0E97-19E2-4AA5-9E5B-6104CC069947}.Release|Any CPU.ActiveCfg = Release|Any CPU
		{366F0E97-19E2-4AA5-9E5B-6104CC069947}.Release|Any CPU.Build.0 = Release|Any CPU
		{982CC236-A9CE-44B5-9789-A2B64C5A8BA3}.Debug|Any CPU.ActiveCfg = Debug|Any CPU
		{982CC236-A9CE-44B5-9789-A2B64C5A8BA3}.Debug|Any CPU.Build.0 = Debug|Any CPU
		{982CC236-A9CE-44B5-9789-A2B64C5A8BA3}.Release|Any CPU.ActiveCfg = Release|Any CPU
		{982CC236-A9CE-44B5-9789-A2B64C5A8BA3}.Release|Any CPU.Build.0 = Release|Any CPU
	EndGlobalSection
	GlobalSection(SolutionProperties) = preSolution
		HideSolutionNode = FALSE
	EndGlobalSection
EndGlobal
